
Microsoft Visual Studio Solution File, Format Version 12.00
# Visual Studio Version 17
VisualStudioVersion = 17.5.002.0
MinimumVisualStudioVersion = 10.0.40219.1
Project("{9A19103F-16F7-4668-BE54-9A1E7A4F7556}") = "DisplaySellPrices", "DisplaySellPrices.csproj", "{F184AEA9-0F6C-4E64-9D28-671164CE1E02}"
EndProject
Global
	GlobalSection(SolutionConfigurationPlatforms) = preSolution
		Debug|Any CPU = Debug|Any CPU
		Release|Any CPU = Release|Any CPU
	EndGlobalSection
	GlobalSection(ProjectConfigurationPlatforms) = postSolution
		{F184AEA9-0F6C-4E64-9D28-671164CE1E02}.Debug|Any CPU.ActiveCfg = Debug|Any CPU
		{F184AEA9-0F6C-4E64-9D28-671164CE1E02}.Debug|Any CPU.Build.0 = Debug|Any CPU
		{F184AEA9-0F6C-4E64-9D28-671164CE1E02}.Release|Any CPU.ActiveCfg = Release|Any CPU
		{F184AEA9-0F6C-4E64-9D28-671164CE1E02}.Release|Any CPU.Build.0 = Release|Any CPU
	EndGlobalSection
	GlobalSection(SolutionProperties) = preSolution
		HideSolutionNode = FALSE
	EndGlobalSection
	GlobalSection(ExtensibilityGlobals) = postSolution
		SolutionGuid = {EB8DDC5C-C1C7-438D-9A0C-04768A22DFD4}
	EndGlobalSection
EndGlobal
